# This file is automatically @generated by Poetry 2.0.1 and should not be changed by hand.

[[package]]
name = "click"
version = "8.1.8"
description = "Composable command line interface toolkit"
optional = false
python-versions = ">=3.7"
groups = ["main"]
files = [
    {file = "click-8.1.8-py3-none-any.whl", hash = "sha256:63c132bbbed01578a06712a2d1f497bb62d9c1c0d329b7903a866228027263b2"},
    {file = "click-8.1.8.tar.gz", hash = "sha256:ed53c9d8990d83c2a27deae68e4ee337473f6330c040a31d4225c9574d16096a"},
]

[package.dependencies]
colorama = {version = "*", markers = "platform_system == \"Windows\""}

[[package]]
name = "colorama"
version = "0.4.6"
description = "Cross-platform colored terminal text."
optional = false
python-versions = "!=3.0.*,!=3.1.*,!=3.2.*,!=3.3.*,!=3.4.*,!=3.5.*,!=3.6.*,>=2.7"
groups = ["main"]
markers = "platform_system == \"Windows\""
files = [
    {file = "colorama-0.4.6-py2.py3-none-any.whl", hash = "sha256:4f1d9991f5acc0ca119f9d443620b77f9d6b33703e51011c16baf57afb285fc6"},
    {file = "colorama-0.4.6.tar.gz", hash = "sha256:08695f5cb7ed6e0531a20572697297273c47b8cae5a63ffc6d6ed5c201be6e44"},
]

[[package]]
name = "grimp"
version = "3.7.1"
description = "Builds a queryable graph of the imports within one or more Python packages."
optional = false
python-versions = ">=3.9"
groups = ["main"]
files = [
    {file = "grimp-3.7.1-cp310-cp310-macosx_10_12_x86_64.whl", hash = "sha256:13d10ec93ae1e05bd83929a1dca698a5c6b34065c5cb3d02687c469839cb1bee"},
    {file = "grimp-3.7.1-cp310-cp310-macosx_11_0_arm64.whl", hash = "sha256:d47fcf8a159869b3d2dd81b8d0046d317512557a5ae7a576c7f0a9a0de2714d7"},
    {file = "grimp-3.7.1-cp310-cp310-manylinux_2_17_aarch64.manylinux2014_aarch64.whl", hash = "sha256:e076f13c014f0301593880e81d7afbc59f198675b83db67845bf4b3608f58a3c"},
    {file = "grimp-3.7.1-cp310-cp310-manylinux_2_17_armv7l.manylinux2014_armv7l.whl", hash = "sha256:3a4a099224ec8fdc1b1902aa4378e113238ebff2c0cbfe1665b3529cd484353c"},
    {file = "grimp-3.7.1-cp310-cp310-manylinux_2_17_i686.manylinux2014_i686.whl", hash = "sha256:b9f73074a3d8bd1f8247e6bc05cf9d954c25fa0158695ddc098308c47eff7928"},
    {file = "grimp-3.7.1-cp310-cp310-manylinux_2_17_ppc64le.manylinux2014_ppc64le.whl", hash = "sha256:3c2a257a44b91b226582134997078815bf6ef0ac77fe1c4e40fa58ac0380272c"},
    {file = "grimp-3.7.1-cp310-cp310-manylinux_2_17_s390x.manylinux2014_s390x.whl", hash = "sha256:69cfc3a0071ac3a4656d67f92329dd12bf8411f8d91af1bd0128a00021aa6005"},
    {file = "grimp-3.7.1-cp310-cp310-manylinux_2_17_x86_64.manylinux2014_x86_64.whl", hash = "sha256:db1ea1f45ff7a5a2c6ea0ba3ffbd9b1ca200d63e18b3a5497858f0277fa339d8"},
    {file = "grimp-3.7.1-cp310-cp310-musllinux_1_2_aarch64.whl", hash = "sha256:e79ff69ed297edbe990b16d22c06fcc16ab8255ccdc78bbd15256452bb6cfd88"},
    {file = "grimp-3.7.1-cp310-cp310-musllinux_1_2_armv7l.whl", hash = "sha256:d66bb857070ea11c3cb6b58a5d81544db2dac2f9542e8cc4acdd3c8d896feb28"},
    {file = "grimp-3.7.1-cp310-cp310-musllinux_1_2_i686.whl", hash = "sha256:c29d64b1cb554731a8b5ca00e85086e0edcc44322d8bca1ad02a7e16b728b874"},
    {file = "grimp-3.7.1-cp310-cp310-musllinux_1_2_x86_64.whl", hash = "sha256:37b02f38d77594d7e02adb244009cef654be36012ae372d85fb2c80d6dcd0d09"},
    {file = "grimp-3.7.1-cp310-cp310-win32.whl", hash = "sha256:3312092121b62fdc2347f2ec7760ffd8342e4e5c664c5172efbc26cf53b9ae31"},
    {file = "grimp-3.7.1-cp310-cp310-win_amd64.whl", hash = "sha256:05dc7da6a8e65b5e804b802e422a5f8f22e93418c7432e0a976f90835d2afb5e"},
    {file = "grimp-3.7.1-cp311-cp311-macosx_10_12_x86_64.whl", hash = "sha256:b8a4c7a8bb27528043da08601c249cd229ffaec0e6a307bfc290677c980070e4"},
    {file = "grimp-3.7.1-cp311-cp311-macosx_11_0_arm64.whl", hash = "sha256:6fc01793c8dd2aacf6210119323112bec050ba577951106923153d5bd0c0d425"},
    {file = "grimp-3.7.1-cp311-cp311-manylinux_2_17_aarch64.manylinux2014_aarch64.whl", hash = "sha256:4731aa4d1ba56f9a7a74dcf9ffd4bce2d8813208acca31fa04d03a0774e73d63"},
    {file = "grimp-3.7.1-cp311-cp311-manylinux_2_17_armv7l.manylinux2014_armv7l.whl", hash = "sha256:c608ab470c6f537eef0d0028bcf4ce8cdf8330dd61838f9c3e0d93e6d11c7cb9"},
    {file = "grimp-3.7.1-cp311-cp311-manylinux_2_17_i686.manylinux2014_i686.whl", hash = "sha256:3784f08aaa3979f8b9e13ba51815a600b55a8570ad6b80b94776b1fde91c7ed4"},
    {file = "grimp-3.7.1-cp311-cp311-manylinux_2_17_ppc64le.manylinux2014_ppc64le.whl", hash = "sha256:5cb49e0294e6c0cd9715b9d23ced7d3dc0e8895ce66b61c616dc5168baddbf8b"},
    {file = "grimp-3.7.1-cp311-cp311-manylinux_2_17_s390x.manylinux2014_s390x.whl", hash = "sha256:7ce7de36f69fc5960e1f698e7a5cc32d11250c817070f6062b93c064bda2bef9"},
    {file = "grimp-3.7.1-cp311-cp311-manylinux_2_17_x86_64.manylinux2014_x86_64.whl", hash = "sha256:df92de7b976f995a2d7843dfbbf5751cc23a0150d30635e1f787bc47f47517f4"},
    {file = "grimp-3.7.1-cp311-cp311-musllinux_1_2_aarch64.whl", hash = "sha256:eb41e9cefe998701ea2fed7c2b331bfb8cfd81bdc16e1dbab7f0a5ef238e637f"},
    {file = "grimp-3.7.1-cp311-cp311-musllinux_1_2_armv7l.whl", hash = "sha256:e6fa2ed828c39d7c5e7e23dfc4a80dae38f60c3f7070c15b550bdedf021ada3f"},
    {file = "grimp-3.7.1-cp311-cp311-musllinux_1_2_i686.whl", hash = "sha256:5dd51c231c9ada3f696eb54e30b2520b0147b8ef313c786fda378c3f20a5545a"},
    {file = "grimp-3.7.1-cp311-cp311-musllinux_1_2_x86_64.whl", hash = "sha256:ac48366edc92f3046364a6771205ba1914f8a8b436a6bc725535c73e548c99ac"},
    {file = "grimp-3.7.1-cp311-cp311-win32.whl", hash = "sha256:daa15fd37f618b1fd36b577369aacad9d9f3d8a2a70900b22eb04fe551a1a759"},
    {file = "grimp-3.7.1-cp311-cp311-win_amd64.whl", hash = "sha256:39657b9c26da8108db47ff71adcc04330b92457bcb22a91b2f5846965a2a3354"},
    {file = "grimp-3.7.1-cp312-cp312-macosx_10_12_x86_64.whl", hash = "sha256:68d63cf8ea1cbfbcaef371201bfd54a219ce095fc3c8cb2b06ed038b54a6b909"},
    {file = "grimp-3.7.1-cp312-cp312-macosx_11_0_arm64.whl", hash = "sha256:75ab295e2cb66d468872df8409d3c53b8a8a793da7d3f0a309a88f4da55c9c8c"},
    {file = "grimp-3.7.1-cp312-cp312-manylinux_2_17_aarch64.manylinux2014_aarch64.whl", hash = "sha256:0afd6fef9388c2a257a2c5f68a685729173950f9cbda255e5d0e98dfa89e0b16"},
    {file = "grimp-3.7.1-cp312-cp312-manylinux_2_17_armv7l.manylinux2014_armv7l.whl", hash = "sha256:02ae16ba793d0636ba08cff5c846657b4d77daab466de7e827969cf2b48790cd"},
    {file = "grimp-3.7.1-cp312-cp312-manylinux_2_17_i686.manylinux2014_i686.whl", hash = "sha256:4d6c9ead67a0b9eaebf91a0d3a28790dd735a3ea88a87e8974fd6c30a79b0c60"},
    {file = "grimp-3.7.1-cp312-cp312-manylinux_2_17_ppc64le.manylinux2014_ppc64le.whl", hash = "sha256:027ac09823f2fb81a3fd28f2fd9036fd2ee901eb951f633839961c246d4e7bf9"},
    {file = "grimp-3.7.1-cp312-cp312-manylinux_2_17_s390x.manylinux2014_s390x.whl", hash = "sha256:48600ead0ec9ba6132d440b35c26082df2f900c898d395703c3412569b3de30b"},
    {file = "grimp-3.7.1-cp312-cp312-manylinux_2_17_x86_64.manylinux2014_x86_64.whl", hash = "sha256:183f5609027a8ceef02b0ad29638093081cf33343de52200423c1f4c2d7d2fb1"},
    {file = "grimp-3.7.1-cp312-cp312-musllinux_1_2_aarch64.whl", hash = "sha256:37b008e95890b5eddf71120fa69a5fc8596052fdb0cbcde2427cf431a7752b4a"},
    {file = "grimp-3.7.1-cp312-cp312-musllinux_1_2_armv7l.whl", hash = "sha256:5c617fc0cc8ab02188c989ec8d9cd838d335445a89a6701a2ed43a79b4bb0ce1"},
    {file = "grimp-3.7.1-cp312-cp312-musllinux_1_2_i686.whl", hash = "sha256:9f1e895ede93ffe1e91ddf16a893c095ea5a12ff3e2269e06d5c842659e433d0"},
    {file = "grimp-3.7.1-cp312-cp312-musllinux_1_2_x86_64.whl", hash = "sha256:f4ea7d5692f866baae0bce26a72115836a0ee510d3291a34e2a5758cd9c741c6"},
    {file = "grimp-3.7.1-cp312-cp312-win32.whl", hash = "sha256:d276f0ebc2fd4ffcab31a9491ce351451f4b29d3b439f9383d5ef9cb33c41a58"},
    {file = "grimp-3.7.1-cp312-cp312-win_amd64.whl", hash = "sha256:c622226beabd0766f5c2e80ba32e6a5a03095b9d22c6c88de5421771a639288b"},
    {file = "grimp-3.7.1-cp313-cp313-macosx_10_12_x86_64.whl", hash = "sha256:cfb6709a13d2477208aa03cd713160bb67bad819eba14ba7adf0684003034624"},
    {file = "grimp-3.7.1-cp313-cp313-macosx_11_0_arm64.whl", hash = "sha256:d42b77f3e7d431f1a31ecf083832968a0eeda6a9fc4824ced0e1594d937f1e4a"},
    {file = "grimp-3.7.1-cp313-cp313-manylinux_2_17_aarch64.manylinux2014_aarch64.whl", hash = "sha256:262a7856017d36403942e138c968a4e0b9f04622a83ab7aaf568364f5ebde712"},
    {file = "grimp-3.7.1-cp313-cp313-manylinux_2_17_armv7l.manylinux2014_armv7l.whl", hash = "sha256:dbb63595e39f3fcff147dac618aac51094c0a3ba1d8ea44b3c4f98bfd590cbe2"},
    {file = "grimp-3.7.1-cp313-cp313-manylinux_2_17_i686.manylinux2014_i686.whl", hash = "sha256:b54a39979ffe804cfa2f11aa919f73c753b22970f0e3da4373ba6848c9ab4069"},
    {file = "grimp-3.7.1-cp313-cp313-manylinux_2_17_ppc64le.manylinux2014_ppc64le.whl", hash = "sha256:197c81709fbed33295f5c8547aa050f4e665e70352fccffb63e8a787cfc9ec30"},
    {file = "grimp-3.7.1-cp313-cp313-manylinux_2_17_s390x.manylinux2014_s390x.whl", hash = "sha256:d9cfcc2dc222c3bfee666cf66b79b2e2554be6e1beda9356d5967ad9aae9a450"},
    {file = "grimp-3.7.1-cp313-cp313-manylinux_2_17_x86_64.manylinux2014_x86_64.whl", hash = "sha256:9e17c5c0d9806f1e5403d56fb50f3c92238e96f73e711acf362db84afb82798b"},
    {file = "grimp-3.7.1-cp313-cp313-musllinux_1_2_aarch64.whl", hash = "sha256:12bb6562e75406c7ceb6ec89c49ae398da04fc30468acc2afd953ea3123461fb"},
    {file = "grimp-3.7.1-cp313-cp313-musllinux_1_2_armv7l.whl", hash = "sha256:bb1f0d73783397c536ba306268ecf7aaf8402698d257682df2bf2fb44e753dda"},
    {file = "grimp-3.7.1-cp313-cp313-musllinux_1_2_i686.whl", hash = "sha256:734f338b048eacf8f291d4045aeaa3958c4d2738701a3f66e72511e14481bc0b"},
    {file = "grimp-3.7.1-cp313-cp313-musllinux_1_2_x86_64.whl", hash = "sha256:1e0f080d8558990e9d9fdc0bb623e67ba8d946b54615522296e6128ad6823a3b"},
    {file = "grimp-3.7.1-cp313-cp313-win32.whl", hash = "sha256:018292670ba0757fc2434256d6b2557b4dc950a45eb81059e8dabd75909f3b7a"},
    {file = "grimp-3.7.1-cp313-cp313-win_amd64.whl", hash = "sha256:befc3e3a1bc2288bf23000bc7c7ea1bf5f35a3f6860ad5a2a3ebd0dc64a26fdf"},
    {file = "grimp-3.7.1-cp313-cp313t-manylinux_2_17_aarch64.manylinux2014_aarch64.whl", hash = "sha256:ba4b3150b92bd2c35bc44831524e114c3d61e778b57cd96343ff746ef8d6621d"},
    {file = "grimp-3.7.1-cp313-cp313t-manylinux_2_17_armv7l.manylinux2014_armv7l.whl", hash = "sha256:ad1a6f5565b56a2097d372a7535a5cc4e739ed0bfb4796377ad4fe9c5915a198"},
    {file = "grimp-3.7.1-cp313-cp313t-manylinux_2_17_ppc64le.manylinux2014_ppc64le.whl", hash = "sha256:e11c8412d09fcbba2b36611b2596954b57bf5c24365c635baad3856d7f9c0dfe"},
    {file = "grimp-3.7.1-cp313-cp313t-manylinux_2_17_s390x.manylinux2014_s390x.whl", hash = "sha256:0059c45124f2afb60bb85a6fa5fd15d27c13463c80509bbcd5134ac1f62e0589"},
    {file = "grimp-3.7.1-cp313-cp313t-musllinux_1_2_aarch64.whl", hash = "sha256:5d1491dc4bd0789ae7d49061669aea848077b8a0f611deec95c438b93ef9bc21"},
    {file = "grimp-3.7.1-cp313-cp313t-musllinux_1_2_armv7l.whl", hash = "sha256:409621d5247516d34e70150790e35bdbf76498fc844980d705a678fd7568b97d"},
    {file = "grimp-3.7.1-cp313-cp313t-musllinux_1_2_i686.whl", hash = "sha256:1e7723d0ebf7de70da581bcca968c6564b475863d4a1ef1e640a4820d3b07c8f"},
    {file = "grimp-3.7.1-cp313-cp313t-musllinux_1_2_x86_64.whl", hash = "sha256:3c3d3afac939557b701ebfc7c3dd1dd3f9fe8e9f20e0f23eb7425789f8de31ba"},
    {file = "grimp-3.7.1-cp39-cp39-macosx_10_12_x86_64.whl", hash = "sha256:b82ac532e4f0f742b153c442169e824c40d05985aa82b8c6e8d29fd5c537aece"},
    {file = "grimp-3.7.1-cp39-cp39-macosx_11_0_arm64.whl", hash = "sha256:5164f4271c4804cb6126753ab7990a2bad57f92c0801028a7fd40b7e012f5f76"},
    {file = "grimp-3.7.1-cp39-cp39-manylinux_2_17_aarch64.manylinux2014_aarch64.whl", hash = "sha256:5fe2b6365789eb3d85163874e54a0dbce7f0dae0a402c171e7d927c7abd750c0"},
    {file = "grimp-3.7.1-cp39-cp39-manylinux_2_17_armv7l.manylinux2014_armv7l.whl", hash = "sha256:9571d946d10c04d6675fb481f48b01e2ec7457e48b56f48cb15432e5f90896a6"},
    {file = "grimp-3.7.1-cp39-cp39-manylinux_2_17_i686.manylinux2014_i686.whl", hash = "sha256:f0c8dd37ab311cc448ff42f32ff6713de070786d42a578f908398596f8dffa10"},
    {file = "grimp-3.7.1-cp39-cp39-manylinux_2_17_ppc64le.manylinux2014_ppc64le.whl", hash = "sha256:2e9dcc5a28d19c8e129a8b91d1066d48edcc71869a3167caec5379bf2e4b413c"},
    {file = "grimp-3.7.1-cp39-cp39-manylinux_2_17_s390x.manylinux2014_s390x.whl", hash = "sha256:b64a0158957b1527b57ab4fbd06f86b47b121dcd4279451caba07bf2cf330eff"},
    {file = "grimp-3.7.1-cp39-cp39-manylinux_2_17_x86_64.manylinux2014_x86_64.whl", hash = "sha256:4a966b77e0f35dbb4551cb16d6190e546ef6cac4293f98e820f8daa7c9b257bb"},
    {file = "grimp-3.7.1-cp39-cp39-musllinux_1_2_aarch64.whl", hash = "sha256:2b25d330f639e4704bb1c3ef61c55dc7bf9c119899a95b2515ac946912b1658b"},
    {file = "grimp-3.7.1-cp39-cp39-musllinux_1_2_armv7l.whl", hash = "sha256:28a1ab4f3cf4a45bda5f4d3af11a168593ebc794694c4bb196bf55c8baf3d90f"},
    {file = "grimp-3.7.1-cp39-cp39-musllinux_1_2_i686.whl", hash = "sha256:9d5692e8f08df424154b5ef12a8dfbad05d959c3ba4869a96f448862a6705c22"},
    {file = "grimp-3.7.1-cp39-cp39-musllinux_1_2_x86_64.whl", hash = "sha256:feaca50962b467d02275a0827cb2d042add656bef819b7ae84a7c64de692c68d"},
    {file = "grimp-3.7.1-cp39-cp39-win32.whl", hash = "sha256:3e2d91bb5c910e0f98d7912478174c29d7b759788445cfe517f998c36a1d7d9a"},
    {file = "grimp-3.7.1-cp39-cp39-win_amd64.whl", hash = "sha256:a7ec49d9f8b39d644eb87a10b823c72512b2ac32c51829a47d5df055592ded0a"},
    {file = "grimp-3.7.1-pp310-pypy310_pp73-manylinux_2_17_aarch64.manylinux2014_aarch64.whl", hash = "sha256:9b9eb927c1c37d246f2cbcc44f8cda94e5d1b91b341ce74e29347d4ee606059d"},
    {file = "grimp-3.7.1-pp310-pypy310_pp73-manylinux_2_17_armv7l.manylinux2014_armv7l.whl", hash = "sha256:b44ad33a872c16f02b696fe25ad1b1cf18204b3636debb0d95b85608d2e445d6"},
    {file = "grimp-3.7.1-pp310-pypy310_pp73-manylinux_2_17_i686.manylinux2014_i686.whl", hash = "sha256:5959c00b92112d734cbe89246e48998582d4e5e4d4910af37a7afed7cb3b1370"},
    {file = "grimp-3.7.1-pp310-pypy310_pp73-manylinux_2_17_ppc64le.manylinux2014_ppc64le.whl", hash = "sha256:f5f033e3faa65c195df179d47b162a5ab31add0614f490f3e27463c67f40be05"},
    {file = "grimp-3.7.1-pp310-pypy310_pp73-manylinux_2_17_s390x.manylinux2014_s390x.whl", hash = "sha256:ea2af0894be87e721830139b2f982458e805e0ec07559d197537a9f90e41c21f"},
    {file = "grimp-3.7.1-pp310-pypy310_pp73-manylinux_2_17_x86_64.manylinux2014_x86_64.whl", hash = "sha256:58f84742cbf96691c233278f11238a3f97eea8a4d43410e9493bd6a165d2ab8c"},
    {file = "grimp-3.7.1-pp310-pypy310_pp73-musllinux_1_2_aarch64.whl", hash = "sha256:82f7811595102b3327052d7205b274633efd0579646b7b0cf269e553549fea3f"},
    {file = "grimp-3.7.1-pp310-pypy310_pp73-musllinux_1_2_armv7l.whl", hash = "sha256:5a184f9de0e229127e8c41510b97ab42d5e922abc1566ea5177cba5a641b9056"},
    {file = "grimp-3.7.1-pp310-pypy310_pp73-musllinux_1_2_i686.whl", hash = "sha256:98edfea856fe404e3b967aa375d0cfdae1b8f1d826f680b19480ef6578288f60"},
    {file = "grimp-3.7.1-pp310-pypy310_pp73-musllinux_1_2_x86_64.whl", hash = "sha256:5b3565ca9ea1a1bd45db965200c691e1264799fcdd5481e0cf06508d0c4816e2"},
    {file = "grimp-3.7.1-pp39-pypy39_pp73-manylinux_2_17_aarch64.manylinux2014_aarch64.whl", hash = "sha256:28c9410bfbe81b6d30ac2629f10fb9dbf29fa6df6fffba639151861beb465625"},
    {file = "grimp-3.7.1-pp39-pypy39_pp73-manylinux_2_17_armv7l.manylinux2014_armv7l.whl", hash = "sha256:16c0941c0d93b9e19c78d309c47b6c1c9b82b0920f05cb3ac3f9424da06c2c0e"},
    {file = "grimp-3.7.1-pp39-pypy39_pp73-manylinux_2_17_ppc64le.manylinux2014_ppc64le.whl", hash = "sha256:a2d356ddbe186cf0699a7611ee52a9742da59124b5d16c678f1c1560fb247952"},
    {file = "grimp-3.7.1-pp39-pypy39_pp73-manylinux_2_17_s390x.manylinux2014_s390x.whl", hash = "sha256:33e8a7a4f621311eaf775d579e66024df8e76e6363f28fb839600d1f6b3d2767"},
    {file = "grimp-3.7.1-pp39-pypy39_pp73-musllinux_1_2_aarch64.whl", hash = "sha256:c90baa63cfcf7edccaf52aefb4e972038d702455b2e02f37288e358d96a0a327"},
    {file = "grimp-3.7.1-pp39-pypy39_pp73-musllinux_1_2_armv7l.whl", hash = "sha256:1bd34ae0d25780de1cb03d95c0f098079c62d54c58fe998cea90bd5a3805f8bf"},
    {file = "grimp-3.7.1-pp39-pypy39_pp73-musllinux_1_2_i686.whl", hash = "sha256:c90ce4efdaad4e462b428c2bd81005330d58ef173ce0b789352605f694b07978"},
    {file = "grimp-3.7.1-pp39-pypy39_pp73-musllinux_1_2_x86_64.whl", hash = "sha256:c8dc97ae0bcd0ca4eae415fd93da4a3293ed6e55ec715fb47fadc90f7ee735a9"},
    {file = "grimp-3.7.1.tar.gz", hash = "sha256:b2bb9ead5e0933b83939b212df91e104678cb107c71408a427feb27787d8cf06"},
]

[package.dependencies]
typing-extensions = ">=3.10.0.0"

[[package]]
name = "tomli"
version = "2.2.1"
description = "A lil' TOML parser"
optional = false
python-versions = ">=3.8"
groups = ["main"]
markers = "python_version < \"3.11\""
files = [
    {file = "tomli-2.2.1-cp311-cp311-macosx_10_9_x86_64.whl", hash = "sha256:678e4fa69e4575eb77d103de3df8a895e1591b48e740211bd1067378c69e8249"},
    {file = "tomli-2.2.1-cp311-cp311-macosx_11_0_arm64.whl", hash = "sha256:023aa114dd824ade0100497eb2318602af309e5a55595f76b626d6d9f3b7b0a6"},
    {file = "tomli-2.2.1-cp311-cp311-manylinux_2_17_aarch64.manylinux2014_aarch64.whl", hash = "sha256:ece47d672db52ac607a3d9599a9d48dcb2f2f735c6c2d1f34130085bb12b112a"},
    {file = "tomli-2.2.1-cp311-cp311-manylinux_2_17_x86_64.manylinux2014_x86_64.whl", hash = "sha256:6972ca9c9cc9f0acaa56a8ca1ff51e7af152a9f87fb64623e31d5c83700080ee"},
    {file = "tomli-2.2.1-cp311-cp311-manylinux_2_5_i686.manylinux1_i686.manylinux_2_17_i686.manylinux2014_i686.whl", hash = "sha256:c954d2250168d28797dd4e3ac5cf812a406cd5a92674ee4c8f123c889786aa8e"},
    {file = "tomli-2.2.1-cp311-cp311-musllinux_1_2_aarch64.whl", hash = "sha256:8dd28b3e155b80f4d54beb40a441d366adcfe740969820caf156c019fb5c7ec4"},
    {file = "tomli-2.2.1-cp311-cp311-musllinux_1_2_i686.whl", hash = "sha256:e59e304978767a54663af13c07b3d1af22ddee3bb2fb0618ca1593e4f593a106"},
    {file = "tomli-2.2.1-cp311-cp311-musllinux_1_2_x86_64.whl", hash = "sha256:33580bccab0338d00994d7f16f4c4ec25b776af3ffaac1ed74e0b3fc95e885a8"},
    {file = "tomli-2.2.1-cp311-cp311-win32.whl", hash = "sha256:465af0e0875402f1d226519c9904f37254b3045fc5084697cefb9bdde1ff99ff"},
    {file = "tomli-2.2.1-cp311-cp311-win_amd64.whl", hash = "sha256:2d0f2fdd22b02c6d81637a3c95f8cd77f995846af7414c5c4b8d0545afa1bc4b"},
    {file = "tomli-2.2.1-cp312-cp312-macosx_10_13_x86_64.whl", hash = "sha256:4a8f6e44de52d5e6c657c9fe83b562f5f4256d8ebbfe4ff922c495620a7f6cea"},
    {file = "tomli-2.2.1-cp312-cp312-macosx_11_0_arm64.whl", hash = "sha256:8d57ca8095a641b8237d5b079147646153d22552f1c637fd3ba7f4b0b29167a8"},
    {file = "tomli-2.2.1-cp312-cp312-manylinux_2_17_aarch64.manylinux2014_aarch64.whl", hash = "sha256:4e340144ad7ae1533cb897d406382b4b6fede8890a03738ff1683af800d54192"},
    {file = "tomli-2.2.1-cp312-cp312-manylinux_2_17_x86_64.manylinux2014_x86_64.whl", hash = "sha256:db2b95f9de79181805df90bedc5a5ab4c165e6ec3fe99f970d0e302f384ad222"},
    {file = "tomli-2.2.1-cp312-cp312-manylinux_2_5_i686.manylinux1_i686.manylinux_2_17_i686.manylinux2014_i686.whl", hash = "sha256:40741994320b232529c802f8bc86da4e1aa9f413db394617b9a256ae0f9a7f77"},
    {file = "tomli-2.2.1-cp312-cp312-musllinux_1_2_aarch64.whl", hash = "sha256:400e720fe168c0f8521520190686ef8ef033fb19fc493da09779e592861b78c6"},
    {file = "tomli-2.2.1-cp312-cp312-musllinux_1_2_i686.whl", hash = "sha256:02abe224de6ae62c19f090f68da4e27b10af2b93213d36cf44e6e1c5abd19fdd"},
    {file = "tomli-2.2.1-cp312-cp312-musllinux_1_2_x86_64.whl", hash = "sha256:b82ebccc8c8a36f2094e969560a1b836758481f3dc360ce9a3277c65f374285e"},
    {file = "tomli-2.2.1-cp312-cp312-win32.whl", hash = "sha256:889f80ef92701b9dbb224e49ec87c645ce5df3fa2cc548664eb8a25e03127a98"},
    {file = "tomli-2.2.1-cp312-cp312-win_amd64.whl", hash = "sha256:7fc04e92e1d624a4a63c76474610238576942d6b8950a2d7f908a340494e67e4"},
    {file = "tomli-2.2.1-cp313-cp313-macosx_10_13_x86_64.whl", hash = "sha256:f4039b9cbc3048b2416cc57ab3bda989a6fcf9b36cf8937f01a6e731b64f80d7"},
    {file = "tomli-2.2.1-cp313-cp313-macosx_11_0_arm64.whl", hash = "sha256:286f0ca2ffeeb5b9bd4fcc8d6c330534323ec51b2f52da063b11c502da16f30c"},
    {file = "tomli-2.2.1-cp313-cp313-manylinux_2_17_aarch64.manylinux2014_aarch64.whl", hash = "sha256:a92ef1a44547e894e2a17d24e7557a5e85a9e1d0048b0b5e7541f76c5032cb13"},
    {file = "tomli-2.2.1-cp313-cp313-manylinux_2_17_x86_64.manylinux2014_x86_64.whl", hash = "sha256:9316dc65bed1684c9a98ee68759ceaed29d229e985297003e494aa825ebb0281"},
    {file = "tomli-2.2.1-cp313-cp313-manylinux_2_5_i686.manylinux1_i686.manylinux_2_17_i686.manylinux2014_i686.whl", hash = "sha256:e85e99945e688e32d5a35c1ff38ed0b3f41f43fad8df0bdf79f72b2ba7bc5272"},
    {file = "tomli-2.2.1-cp313-cp313-musllinux_1_2_aarch64.whl", hash = "sha256:ac065718db92ca818f8d6141b5f66369833d4a80a9d74435a268c52bdfa73140"},
    {file = "tomli-2.2.1-cp313-cp313-musllinux_1_2_i686.whl", hash = "sha256:d920f33822747519673ee656a4b6ac33e382eca9d331c87770faa3eef562aeb2"},
    {file = "tomli-2.2.1-cp313-cp313-musllinux_1_2_x86_64.whl", hash = "sha256:a198f10c4d1b1375d7687bc25294306e551bf1abfa4eace6650070a5c1ae2744"},
    {file = "tomli-2.2.1-cp313-cp313-win32.whl", hash = "sha256:d3f5614314d758649ab2ab3a62d4f2004c825922f9e370b29416484086b264ec"},
    {file = "tomli-2.2.1-cp313-cp313-win_amd64.whl", hash = "sha256:a38aa0308e754b0e3c67e344754dff64999ff9b513e691d0e786265c93583c69"},
    {file = "tomli-2.2.1-py3-none-any.whl", hash = "sha256:cb55c73c5f4408779d0cf3eef9f762b9c9f147a77de7b258bef0a5628adc85cc"},
    {file = "tomli-2.2.1.tar.gz", hash = "sha256:cd45e1dc79c835ce60f7404ec8119f2eb06d38b1deba146f07ced3bbc44505ff"},
]

[[package]]
name = "typing-extensions"
version = "4.12.2"
description = "Backported and Experimental Type Hints for Python 3.8+"
optional = false
python-versions = ">=3.8"
groups = ["main"]
files = [
    {file = "typing_extensions-4.12.2-py3-none-any.whl", hash = "sha256:04e5ca0351e0f3f85c6853954072df659d0d13fac324d0072316b67d7794700d"},
    {file = "typing_extensions-4.12.2.tar.gz", hash = "sha256:1a7ead55c7e559dd4dee8856e3a88b41225abfe1ce8df57b7c13915fe121ffb8"},
]

[metadata]
lock-version = "2.1"
python-versions = ">=3.9"
content-hash = "d7707e9ea6ce943e8b7c5079fc3e62789cc3357d713b433a79c8f850fc3f2c75"
